
Microsoft Visual Studio Solution File, Format Version 12.00
# Visual Studio Version 16
VisualStudioVersion = 16.0.31729.503
MinimumVisualStudioVersion = 10.0.40219.1
Project("{8BC9CEB8-8B4A-11D0-8D11-00A0C91BC942}") = "StrVec", "StrVec.vcxproj", "{222BCBB9-FB4D-4DC4-9A02-0C5BD5F3D4AB}"
EndProject
Global
	GlobalSection(SolutionConfigurationPlatforms) = preSolution
		Debug|x64 = Debug|x64
		Debug|x86 = Debug|x86
		Release|x64 = Release|x64
		Release|x86 = Release|x86
	EndGlobalSection
	GlobalSection(ProjectConfigurationPlatforms) = postSolution
		{222BCBB9-FB4D-4DC4-9A02-0C5BD5F3D4AB}.Debug|x64.ActiveCfg = Debug|x64
		{222BCBB9-FB4D-4DC4-9A02-0C5BD5F3D4AB}.Debug|x64.Build.0 = Debug|x64
		{222BCBB9-FB4D-4DC4-9A02-0C5BD5F3D4AB}.Debug|x86.ActiveCfg = Debug|Win32
		{222BCBB9-FB4D-4DC4-9A02-0C5BD5F3D4AB}.Debug|x86.Build.0 = Debug|Win32
		{222BCBB9-FB4D-4DC4-9A02-0C5BD5F3D4AB}.Release|x64.ActiveCfg = Release|x64
		{222BCBB9-FB4D-4DC4-9A02-0C5BD5F3D4AB}.Release|x64.Build.0 = Release|x64
		{222BCBB9-FB4D-4DC4-9A02-0C5BD5F3D4AB}.Release|x86.ActiveCfg = Release|Win32
		{222BCBB9-FB4D-4DC4-9A02-0C5BD5F3D4AB}.Release|x86.Build.0 = Release|Win32
	EndGlobalSection
	GlobalSection(SolutionProperties) = preSolution
		HideSolutionNode = FALSE
	EndGlobalSection
	GlobalSection(ExtensibilityGlobals) = postSolution
		SolutionGuid = {80CE31FC-CED7-48A9-8295-B0AC666D3302}
	EndGlobalSection
EndGlobal
